
Microsoft Visual Studio Solution File, Format Version 12.00
# Visual Studio 15
VisualStudioVersion = 15.0.27004.2009
MinimumVisualStudioVersion = 10.0.40219.1
Project("{FAE04EC0-301F-11D3-BF4B-00C04F79EFBC}") = "LuisAI_XamarinForms.Android", "LuisAI-XamarinForms\LuisAI_XamarinForms.Android\LuisAI_XamarinForms.Android.csproj", "{CDAB8D67-32D3-4AC5-9D83-566ECE67C853}"
EndProject
Project("{FAE04EC0-301F-11D3-BF4B-00C04F79EFBC}") = "LuisAI_XamarinForms", "LuisAI-XamarinForms\LuisAI_XamarinForms\LuisAI_XamarinForms.csproj", "{70EF9BF6-2BC7-451B-8EA1-7D30A46F9D68}"
EndProject
Project("{FAE04EC0-301F-11D3-BF4B-00C04F79EFBC}") = "LuisAI_XamarinForms.UWP", "LuisAI-XamarinForms\LuisAI_XamarinForms.UWP\LuisAI_XamarinForms.UWP.csproj", "{7DF82D6D-A963-478C-B77B-8A95CCDF98BE}"
EndProject
Project("{FAE04EC0-301F-11D3-BF4B-00C04F79EFBC}") = "LuisAI_XamarinForms.iOS", "LuisAI-XamarinForms\LuisAI_XamarinForms.iOS\LuisAI_XamarinForms.iOS.csproj", "{33A17D78-95A0-444A-A52F-EB5BCD45BDD2}"
EndProject
Project("{2150E333-8FDC-42A3-9474-1A3956D46DE8}") = "Mobile", "Mobile", "{7DDA7F97-6E0E-42D4-905C-FD0602309E9E}"
EndProject
Project("{2150E333-8FDC-42A3-9474-1A3956D46DE8}") = "Web", "Web", "{66BA3F04-46FD-42F9-87B8-60297530616D}"
EndProject
Project("{FAE04EC0-301F-11D3-BF4B-00C04F79EFBC}") = "LuisBot", "LuisBot\LuisBot.csproj", "{0D0E0F1B-C25C-4E27-AC0C-1D44561B7914}"
EndProject
Global
	GlobalSection(SolutionConfigurationPlatforms) = preSolution
		Ad-Hoc|Any CPU = Ad-Hoc|Any CPU
		Ad-Hoc|ARM = Ad-Hoc|ARM
		Ad-Hoc|iPhone = Ad-Hoc|iPhone
		Ad-Hoc|iPhoneSimulator = Ad-Hoc|iPhoneSimulator
		Ad-Hoc|x64 = Ad-Hoc|x64
		Ad-Hoc|x86 = Ad-Hoc|x86
		AppStore|Any CPU = AppStore|Any CPU
		AppStore|ARM = AppStore|ARM
		AppStore|iPhone = AppStore|iPhone
		AppStore|iPhoneSimulator = AppStore|iPhoneSimulator
		AppStore|x64 = AppStore|x64
		AppStore|x86 = AppStore|x86
		Debug|Any CPU = Debug|Any CPU
		Debug|ARM = Debug|ARM
		Debug|iPhone = Debug|iPhone
		Debug|iPhoneSimulator = Debug|iPhoneSimulator
		Debug|x64 = Debug|x64
		Debug|x86 = Debug|x86
		Release|Any CPU = Release|Any CPU
		Release|ARM = Release|ARM
		Release|iPhone = Release|iPhone
		Release|iPhoneSimulator = Release|iPhoneSimulator
		Release|x64 = Release|x64
		Release|x86 = Release|x86
	EndGlobalSection
	GlobalSection(ProjectConfigurationPlatforms) = postSolution
		{CDAB8D67-32D3-4AC5-9D83-566ECE67C853}.Ad-Hoc|Any CPU.ActiveCfg = Release|Any CPU
		{CDAB8D67-32D3-4AC5-9D83-566ECE67C853}.Ad-Hoc|Any CPU.Build.0 = Release|Any CPU
		{CDAB8D67-32D3-4AC5-9D83-566ECE67C853}.Ad-Hoc|Any CPU.Deploy.0 = Release|Any CPU
		{CDAB8D67-32D3-4AC5-9D83-566ECE67C853}.Ad-Hoc|ARM.ActiveCfg = Release|Any CPU
		{CDAB8D67-32D3-4AC5-9D83-566ECE67C853}.Ad-Hoc|ARM.Build.0 = Release|Any CPU
		{CDAB8D67-32D3-4AC5-9D83-566ECE67C853}.Ad-Hoc|ARM.Deploy.0 = Release|Any CPU
		{CDAB8D67-32D3-4AC5-9D83-566ECE67C853}.Ad-Hoc|iPhone.ActiveCfg = Release|Any CPU
		{CDAB8D67-32D3-4AC5-9D83-566ECE67C853}.Ad-Hoc|iPhone.Build.0 = Release|Any CPU
		{CDAB8D67-32D3-4AC5-9D83-566ECE67C853}.Ad-Hoc|iPhone.Deploy.0 = Release|Any CPU
		{CDAB8D67-32D3-4AC5-9D83-566ECE67C853}.Ad-Hoc|iPhoneSimulator.ActiveCfg = Release|Any CPU
		{CDAB8D67-32D3-4AC5-9D83-566ECE67C853}.Ad-Hoc|iPhoneSimulator.Build.0 = Release|Any CPU
		{CDAB8D67-32D3-4AC5-9D83-566ECE67C853}.Ad-Hoc|iPhoneSimulator.Deploy.0 = Release|Any CPU
		{CDAB8D67-32D3-4AC5-9D83-566ECE67C853}.Ad-Hoc|x64.ActiveCfg = Release|Any CPU
		{CDAB8D67-32D3-4AC5-9D83-566ECE67C853}.Ad-Hoc|x64.Build.0 = Release|Any CPU
		{CDAB8D67-32D3-4AC5-9D83-566ECE67C853}.Ad-Hoc|x64.Deploy.0 = Release|Any CPU
		{CDAB8D67-32D3-4AC5-9D83-566ECE67C853}.Ad-Hoc|x86.ActiveCfg = Release|Any CPU
		{CDAB8D67-32D3-4AC5-9D83-566ECE67C853}.Ad-Hoc|x86.Build.0 = Release|Any CPU
		{CDAB8D67-32D3-4AC5-9D83-566ECE67C853}.Ad-Hoc|x86.Deploy.0 = Release|Any CPU
		{CDAB8D67-32D3-4AC5-9D83-566ECE67C853}.AppStore|Any CPU.ActiveCfg = Release|Any CPU
		{CDAB8D67-32D3-4AC5-9D83-566ECE67C853}.AppStore|Any CPU.Build.0 = Release|Any CPU
		{CDAB8D67-32D3-4AC5-9D83-566ECE67C853}.AppStore|Any CPU.Deploy.0 = Release|Any CPU
		{CDAB8D67-32D3-4AC5-9D83-566ECE67C853}.AppStore|ARM.ActiveCfg = Release|Any CPU
		{CDAB8D67-32D3-4AC5-9D83-566ECE67C853}.AppStore|ARM.Build.0 = Release|Any CPU
		{CDAB8D67-32D3-4AC5-9D83-566ECE67C853}.AppStore|ARM.Deploy.0 = Release|Any CPU
		{CDAB8D67-32D3-4AC5-9D83-566ECE67C853}.AppStore|iPhone.ActiveCfg = Release|Any CPU
		{CDAB8D67-32D3-4AC5-9D83-566ECE67C853}.AppStore|iPhone.Build.0 = Release|Any CPU
		{CDAB8D67-32D3-4AC5-9D83-566ECE67C853}.AppStore|iPhone.Deploy.0 = Release|Any CPU
		{CDAB8D67-32D3-4AC5-9D83-566ECE67C853}.AppStore|iPhoneSimulator.ActiveCfg = Release|Any CPU
		{CDAB8D67-32D3-4AC5-9D83-566ECE67C853}.AppStore|iPhoneSimulator.Build.0 = Release|Any CPU
		{CDAB8D67-32D3-4AC5-9D83-566ECE67C853}.AppStore|iPhoneSimulator.Deploy.0 = Release|Any CPU
		{CDAB8D67-32D3-4AC5-9D83-566ECE67C853}.AppStore|x64.ActiveCfg = Release|Any CPU
		{CDAB8D67-32D3-4AC5-9D83-566ECE67C853}.AppStore|x64.Build.0 = Release|Any CPU
		{CDAB8D67-32D3-4AC5-9D83-566ECE67C853}.AppStore|x64.Deploy.0 = Release|Any CPU
		{CDAB8D67-32D3-4AC5-9D83-566ECE67C853}.AppStore|x86.ActiveCfg = Release|Any CPU
		{CDAB8D67-32D3-4AC5-9D83-566ECE67C853}.AppStore|x86.Build.0 = Release|Any CPU
		{CDAB8D67-32D3-4AC5-9D83-566ECE67C853}.AppStore|x86.Deploy.0 = Release|Any CPU
		{CDAB8D67-32D3-4AC5-9D83-566ECE67C853}.Debug|Any CPU.ActiveCfg = Debug|Any CPU
		{CDAB8D67-32D3-4AC5-9D83-566ECE67C853}.Debug|Any CPU.Build.0 = Debug|Any CPU
		{CDAB8D67-32D3-4AC5-9D83-566ECE67C853}.Debug|Any CPU.Deploy.0 = Debug|Any CPU
		{CDAB8D67-32D3-4AC5-9D83-566ECE67C853}.Debug|ARM.ActiveCfg = Debug|Any CPU
		{CDAB8D67-32D3-4AC5-9D83-566ECE67C853}.Debug|ARM.Build.0 = Debug|Any CPU
		{CDAB8D67-32D3-4AC5-9D83-566ECE67C853}.Debug|ARM.Deploy.0 = Debug|Any CPU
		{CDAB8D67-32D3-4AC5-9D83-566ECE67C853}.Debug|iPhone.ActiveCfg = Debug|Any CPU
		{CDAB8D67-32D3-4AC5-9D83-566ECE67C853}.Debug|iPhone.Build.0 = Debug|Any CPU
		{CDAB8D67-32D3-4AC5-9D83-566ECE67C853}.Debug|iPhone.Deploy.0 = Debug|Any CPU
		{CDAB8D67-32D3-4AC5-9D83-566ECE67C853}.Debug|iPhoneSimulator.ActiveCfg = Debug|Any CPU
		{CDAB8D67-32D3-4AC5-9D83-566ECE67C853}.Debug|iPhoneSimulator.Build.0 = Debug|Any CPU
		{CDAB8D67-32D3-4AC5-9D83-566ECE67C853}.Debug|iPhoneSimulator.Deploy.0 = Debug|Any CPU
		{CDAB8D67-32D3-4AC5-9D83-566ECE67C853}.Debug|x64.ActiveCfg = Debug|Any CPU
		{CDAB8D67-32D3-4AC5-9D83-566ECE67C853}.Debug|x64.Build.0 = Debug|Any CPU
		{CDAB8D67-32D3-4AC5-9D83-566ECE67C853}.Debug|x64.Deploy.0 = Debug|Any CPU
		{CDAB8D67-32D3-4AC5-9D83-566ECE67C853}.Debug|x86.ActiveCfg = Debug|Any CPU
		{CDAB8D67-32D3-4AC5-9D83-566ECE67C853}.Debug|x86.Build.0 = Debug|Any CPU
		{CDAB8D67-32D3-4AC5-9D83-566ECE67C853}.Debug|x86.Deploy.0 = Debug|Any CPU
		{CDAB8D67-32D3-4AC5-9D83-566ECE67C853}.Release|Any CPU.ActiveCfg = Release|Any CPU
		{CDAB8D67-32D3-4AC5-9D83-566ECE67C853}.Release|Any CPU.Build.0 = Release|Any CPU
		{CDAB8D67-32D3-4AC5-9D83-566ECE67C853}.Release|Any CPU.Deploy.0 = Release|Any CPU
		{CDAB8D67-32D3-4AC5-9D83-566ECE67C853}.Release|ARM.ActiveCfg = Release|Any CPU
		{CDAB8D67-32D3-4AC5-9D83-566ECE67C853}.Release|ARM.Build.0 = Release|Any CPU
		{CDAB8D67-32D3-4AC5-9D83-566ECE67C853}.Release|ARM.Deploy.0 = Release|Any CPU
		{CDAB8D67-32D3-4AC5-9D83-566ECE67C853}.Release|iPhone.ActiveCfg = Release|Any CPU
		{CDAB8D67-32D3-4AC5-9D83-566ECE67C853}.Release|iPhone.Build.0 = Release|Any CPU
		{CDAB8D67-32D3-4AC5-9D83-566ECE67C853}.Release|iPhone.Deploy.0 = Release|Any CPU
		{CDAB8D67-32D3-4AC5-9D83-566ECE67C853}.Release|iPhoneSimulator.ActiveCfg = Release|Any CPU
		{CDAB8D67-32D3-4AC5-9D83-566ECE67C853}.Release|iPhoneSimulator.Build.0 = Release|Any CPU
		{CDAB8D67-32D3-4AC5-9D83-566ECE67C853}.Release|iPhoneSimulator.Deploy.0 = Release|Any CPU
		{CDAB8D67-32D3-4AC5-9D83-566ECE67C853}.Release|x64.ActiveCfg = Release|Any CPU
		{CDAB8D67-32D3-4AC5-9D83-566ECE67C853}.Release|x64.Build.0 = Release|Any CPU
		{CDAB8D67-32D3-4AC5-9D83-566ECE67C853}.Release|x64.Deploy.0 = Release|Any CPU
		{CDAB8D67-32D3-4AC5-9D83-566ECE67C853}.Release|x86.ActiveCfg = Release|Any CPU
		{CDAB8D67-32D3-4AC5-9D83-566ECE67C853}.Release|x86.Build.0 = Release|Any CPU
		{CDAB8D67-32D3-4AC5-9D83-566ECE67C853}.Release|x86.Deploy.0 = Release|Any CPU
		{70EF9BF6-2BC7-451B-8EA1-7D30A46F9D68}.Ad-Hoc|Any CPU.ActiveCfg = Release|Any CPU
		{70EF9BF6-2BC7-451B-8EA1-7D30A46F9D68}.Ad-Hoc|Any CPU.Build.0 = Release|Any CPU
		{70EF9BF6-2BC7-451B-8EA1-7D30A46F9D68}.Ad-Hoc|ARM.ActiveCfg = Release|Any CPU
		{70EF9BF6-2BC7-451B-8EA1-7D30A46F9D68}.Ad-Hoc|ARM.Build.0 = Release|Any CPU
		{70EF9BF6-2BC7-451B-8EA1-7D30A46F9D68}.Ad-Hoc|iPhone.ActiveCfg = Release|Any CPU
		{70EF9BF6-2BC7-451B-8EA1-7D30A46F9D68}.Ad-Hoc|iPhone.Build.0 = Release|Any CPU
		{70EF9BF6-2BC7-451B-8EA1-7D30A46F9D68}.Ad-Hoc|iPhoneSimulator.ActiveCfg = Release|Any CPU
		{70EF9BF6-2BC7-451B-8EA1-7D30A46F9D68}.Ad-Hoc|iPhoneSimulator.Build.0 = Release|Any CPU
		{70EF9BF6-2BC7-451B-8EA1-7D30A46F9D68}.Ad-Hoc|x64.ActiveCfg = Release|Any CPU
		{70EF9BF6-2BC7-451B-8EA1-7D30A46F9D68}.Ad-Hoc|x64.Build.0 = Release|Any CPU
		{70EF9BF6-2BC7-451B-8EA1-7D30A46F9D68}.Ad-Hoc|x86.ActiveCfg = Release|Any CPU
		{70EF9BF6-2BC7-451B-8EA1-7D30A46F9D68}.Ad-Hoc|x86.Build.0 = Release|Any CPU
		{70EF9BF6-2BC7-451B-8EA1-7D30A46F9D68}.AppStore|Any CPU.ActiveCfg = Release|Any CPU
		{70EF9BF6-2BC7-451B-8EA1-7D30A46F9D68}.AppStore|Any CPU.Build.0 = Release|Any CPU
		{70EF9BF6-2BC7-451B-8EA1-7D30A46F9D68}.AppStore|ARM.ActiveCfg = Release|Any CPU
		{70EF9BF6-2BC7-451B-8EA1-7D30A46F9D68}.AppStore|ARM.Build.0 = Release|Any CPU
		{70EF9BF6-2BC7-451B-8EA1-7D30A46F9D68}.AppStore|iPhone.ActiveCfg = Release|Any CPU
		{70EF9BF6-2BC7-451B-8EA1-7D30A46F9D68}.AppStore|iPhone.Build.0 = Release|Any CPU
		{70EF9BF6-2BC7-451B-8EA1-7D30A46F9D68}.AppStore|iPhoneSimulator.ActiveCfg = Release|Any CPU
		{70EF9BF6-2BC7-451B-8EA1-7D30A46F9D68}.AppStore|iPhoneSimulator.Build.0 = Release|Any CPU
		{70EF9BF6-2BC7-451B-8EA1-7D30A46F9D68}.AppStore|x64.ActiveCfg = Release|Any CPU
		{70EF9BF6-2BC7-451B-8EA1-7D30A46F9D68}.AppStore|x64.Build.0 = Release|Any CPU
		{70EF9BF6-2BC7-451B-8EA1-7D30A46F9D68}.AppStore|x86.ActiveCfg = Release|Any CPU
		{70EF9BF6-2BC7-451B-8EA1-7D30A46F9D68}.AppStore|x86.Build.0 = Release|Any CPU
		{70EF9BF6-2BC7-451B-8EA1-7D30A46F9D68}.Debug|Any CPU.ActiveCfg = Debug|Any CPU
		{70EF9BF6-2BC7-451B-8EA1-7D30A46F9D68}.Debug|Any CPU.Build.0 = Debug|Any CPU
		{70EF9BF6-2BC7-451B-8EA1-7D30A46F9D68}.Debug|ARM.ActiveCfg = Debug|Any CPU
		{70EF9BF6-2BC7-451B-8EA1-7D30A46F9D68}.Debug|ARM.Build.0 = Debug|Any CPU
		{70EF9BF6-2BC7-451B-8EA1-7D30A46F9D68}.Debug|iPhone.ActiveCfg = Debug|Any CPU
		{70EF9BF6-2BC7-451B-8EA1-7D30A46F9D68}.Debug|iPhone.Build.0 = Debug|Any CPU
		{70EF9BF6-2BC7-451B-8EA1-7D30A46F9D68}.Debug|iPhoneSimulator.ActiveCfg = Debug|Any CPU
		{70EF9BF6-2BC7-451B-8EA1-7D30A46F9D68}.Debug|iPhoneSimulator.Build.0 = Debug|Any CPU
		{70EF9BF6-2BC7-451B-8EA1-7D30A46F9D68}.Debug|x64.ActiveCfg = Debug|Any CPU
		{70EF9BF6-2BC7-451B-8EA1-7D30A46F9D68}.Debug|x64.Build.0 = Debug|Any CPU
		{70EF9BF6-2BC7-451B-8EA1-7D30A46F9D68}.Debug|x86.ActiveCfg = Debug|Any CPU
		{70EF9BF6-2BC7-451B-8EA1-7D30A46F9D68}.Debug|x86.Build.0 = Debug|Any CPU
		{70EF9BF6-2BC7-451B-8EA1-7D30A46F9D68}.Release|Any CPU.ActiveCfg = Release|Any CPU
		{70EF9BF6-2BC7-451B-8EA1-7D30A46F9D68}.Release|Any CPU.Build.0 = Release|Any CPU
		{70EF9BF6-2BC7-451B-8EA1-7D30A46F9D68}.Release|ARM.ActiveCfg = Release|Any CPU
		{70EF9BF6-2BC7-451B-8EA1-7D30A46F9D68}.Release|ARM.Build.0 = Release|Any CPU
		{70EF9BF6-2BC7-451B-8EA1-7D30A46F9D68}.Release|iPhone.ActiveCfg = Release|Any CPU
		{70EF9BF6-2BC7-451B-8EA1-7D30A46F9D68}.Release|iPhone.Build.0 = Release|Any CPU
		{70EF9BF6-2BC7-451B-8EA1-7D30A46F9D68}.Release|iPhoneSimulator.ActiveCfg = Release|Any CPU
		{70EF9BF6-2BC7-451B-8EA1-7D30A46F9D68}.Release|iPhoneSimulator.Build.0 = Release|Any CPU
		{70EF9BF6-2BC7-451B-8EA1-7D30A46F9D68}.Release|x64.ActiveCfg = Release|Any CPU
		{70EF9BF6-2BC7-451B-8EA1-7D30A46F9D68}.Release|x64.Build.0 = Release|Any CPU
		{70EF9BF6-2BC7-451B-8EA1-7D30A46F9D68}.Release|x86.ActiveCfg = Release|Any CPU
		{70EF9BF6-2BC7-451B-8EA1-7D30A46F9D68}.Release|x86.Build.0 = Release|Any CPU
		{7DF82D6D-A963-478C-B77B-8A95CCDF98BE}.Ad-Hoc|Any CPU.ActiveCfg = Release|x86
		{7DF82D6D-A963-478C-B77B-8A95CCDF98BE}.Ad-Hoc|Any CPU.Build.0 = Release|x86
		{7DF82D6D-A963-478C-B77B-8A95CCDF98BE}.Ad-Hoc|Any CPU.Deploy.0 = Release|x86
		{7DF82D6D-A963-478C-B77B-8A95CCDF98BE}.Ad-Hoc|ARM.ActiveCfg = Release|ARM
		{7DF82D6D-A963-478C-B77B-8A95CCDF98BE}.Ad-Hoc|ARM.Build.0 = Release|ARM
		{7DF82D6D-A963-478C-B77B-8A95CCDF98BE}.Ad-Hoc|ARM.Deploy.0 = Release|ARM
		{7DF82D6D-A963-478C-B77B-8A95CCDF98BE}.Ad-Hoc|iPhone.ActiveCfg = Release|x86
		{7DF82D6D-A963-478C-B77B-8A95CCDF98BE}.Ad-Hoc|iPhone.Build.0 = Release|x86
		{7DF82D6D-A963-478C-B77B-8A95CCDF98BE}.Ad-Hoc|iPhone.Deploy.0 = Release|x86
		{7DF82D6D-A963-478C-B77B-8A95CCDF98BE}.Ad-Hoc|iPhoneSimulator.ActiveCfg = Release|x86
		{7DF82D6D-A963-478C-B77B-8A95CCDF98BE}.Ad-Hoc|iPhoneSimulator.Build.0 = Release|x86
		{7DF82D6D-A963-478C-B77B-8A95CCDF98BE}.Ad-Hoc|iPhoneSimulator.Deploy.0 = Release|x86
		{7DF82D6D-A963-478C-B77B-8A95CCDF98BE}.Ad-Hoc|x64.ActiveCfg = Release|x64
		{7DF82D6D-A963-478C-B77B-8A95CCDF98BE}.Ad-Hoc|x64.Build.0 = Release|x64
		{7DF82D6D-A963-478C-B77B-8A95CCDF98BE}.Ad-Hoc|x64.Deploy.0 = Release|x64
		{7DF82D6D-A963-478C-B77B-8A95CCDF98BE}.Ad-Hoc|x86.ActiveCfg = Release|x86
		{7DF82D6D-A963-478C-B77B-8A95CCDF98BE}.Ad-Hoc|x86.Build.0 = Release|x86
		{7DF82D6D-A963-478C-B77B-8A95CCDF98BE}.Ad-Hoc|x86.Deploy.0 = Release|x86
		{7DF82D6D-A963-478C-B77B-8A95CCDF98BE}.AppStore|Any CPU.ActiveCfg = Release|x86
		{7DF82D6D-A963-478C-B77B-8A95CCDF98BE}.AppStore|Any CPU.Build.0 = Release|x86
		{7DF82D6D-A963-478C-B77B-8A95CCDF98BE}.AppStore|Any CPU.Deploy.0 = Release|x86
		{7DF82D6D-A963-478C-B77B-8A95CCDF98BE}.AppStore|ARM.ActiveCfg = Release|ARM
		{7DF82D6D-A963-478C-B77B-8A95CCDF98BE}.AppStore|ARM.Build.0 = Release|ARM
		{7DF82D6D-A963-478C-B77B-8A95CCDF98BE}.AppStore|ARM.Deploy.0 = Release|ARM
		{7DF82D6D-A963-478C-B77B-8A95CCDF98BE}.AppStore|iPhone.ActiveCfg = Release|x86
		{7DF82D6D-A963-478C-B77B-8A95CCDF98BE}.AppStore|iPhone.Build.0 = Release|x86
		{7DF82D6D-A963-478C-B77B-8A95CCDF98BE}.AppStore|iPhone.Deploy.0 = Release|x86
		{7DF82D6D-A963-478C-B77B-8A95CCDF98BE}.AppStore|iPhoneSimulator.ActiveCfg = Release|x86
		{7DF82D6D-A963-478C-B77B-8A95CCDF98BE}.AppStore|iPhoneSimulator.Build.0 = Release|x86
		{7DF82D6D-A963-478C-B77B-8A95CCDF98BE}.AppStore|iPhoneSimulator.Deploy.0 = Release|x86
		{7DF82D6D-A963-478C-B77B-8A95CCDF98BE}.AppStore|x64.ActiveCfg = Release|x64
		{7DF82D6D-A963-478C-B77B-8A95CCDF98BE}.AppStore|x64.Build.0 = Release|x64
		{7DF82D6D-A963-478C-B77B-8A95CCDF98BE}.AppStore|x64.Deploy.0 = Release|x64
		{7DF82D6D-A963-478C-B77B-8A95CCDF98BE}.AppStore|x86.ActiveCfg = Release|x86
		{7DF82D6D-A963-478C-B77B-8A95CCDF98BE}.AppStore|x86.Build.0 = Release|x86
		{7DF82D6D-A963-478C-B77B-8A95CCDF98BE}.AppStore|x86.Deploy.0 = Release|x86
		{7DF82D6D-A963-478C-B77B-8A95CCDF98BE}.Debug|Any CPU.ActiveCfg = Debug|x86
		{7DF82D6D-A963-478C-B77B-8A95CCDF98BE}.Debug|ARM.ActiveCfg = Debug|ARM
		{7DF82D6D-A963-478C-B77B-8A95CCDF98BE}.Debug|ARM.Build.0 = Debug|ARM
		{7DF82D6D-A963-478C-B77B-8A95CCDF98BE}.Debug|ARM.Deploy.0 = Debug|ARM
		{7DF82D6D-A963-478C-B77B-8A95CCDF98BE}.Debug|iPhone.ActiveCfg = Debug|x86
		{7DF82D6D-A963-478C-B77B-8A95CCDF98BE}.Debug|iPhoneSimulator.ActiveCfg = Debug|x86
		{7DF82D6D-A963-478C-B77B-8A95CCDF98BE}.Debug|x64.ActiveCfg = Debug|x64
		{7DF82D6D-A963-478C-B77B-8A95CCDF98BE}.Debug|x64.Build.0 = Debug|x64
		{7DF82D6D-A963-478C-B77B-8A95CCDF98BE}.Debug|x64.Deploy.0 = Debug|x64
		{7DF82D6D-A963-478C-B77B-8A95CCDF98BE}.Debug|x86.ActiveCfg = Debug|x86
		{7DF82D6D-A963-478C-B77B-8A95CCDF98BE}.Debug|x86.Build.0 = Debug|x86
		{7DF82D6D-A963-478C-B77B-8A95CCDF98BE}.Debug|x86.Deploy.0 = Debug|x86
		{7DF82D6D-A963-478C-B77B-8A95CCDF98BE}.Release|Any CPU.ActiveCfg = Release|x86
		{7DF82D6D-A963-478C-B77B-8A95CCDF98BE}.Release|ARM.ActiveCfg = Release|ARM
		{7DF82D6D-A963-478C-B77B-8A95CCDF98BE}.Release|ARM.Build.0 = Release|ARM
		{7DF82D6D-A963-478C-B77B-8A95CCDF98BE}.Release|ARM.Deploy.0 = Release|ARM
		{7DF82D6D-A963-478C-B77B-8A95CCDF98BE}.Release|iPhone.ActiveCfg = Release|x86
		{7DF82D6D-A963-478C-B77B-8A95CCDF98BE}.Release|iPhoneSimulator.ActiveCfg = Release|x86
		{7DF82D6D-A963-478C-B77B-8A95CCDF98BE}.Release|x64.ActiveCfg = Release|x64
		{7DF82D6D-A963-478C-B77B-8A95CCDF98BE}.Release|x64.Build.0 = Release|x64
		{7DF82D6D-A963-478C-B77B-8A95CCDF98BE}.Release|x64.Deploy.0 = Release|x64
		{7DF82D6D-A963-478C-B77B-8A95CCDF98BE}.Release|x86.ActiveCfg = Release|x86
		{7DF82D6D-A963-478C-B77B-8A95CCDF98BE}.Release|x86.Build.0 = Release|x86
		{7DF82D6D-A963-478C-B77B-8A95CCDF98BE}.Release|x86.Deploy.0 = Release|x86
		{33A17D78-95A0-444A-A52F-EB5BCD45BDD2}.Ad-Hoc|Any CPU.ActiveCfg = Ad-Hoc|iPhone
		{33A17D78-95A0-444A-A52F-EB5BCD45BDD2}.Ad-Hoc|ARM.ActiveCfg = Ad-Hoc|iPhone
		{33A17D78-95A0-444A-A52F-EB5BCD45BDD2}.Ad-Hoc|iPhone.ActiveCfg = Ad-Hoc|iPhone
		{33A17D78-95A0-444A-A52F-EB5BCD45BDD2}.Ad-Hoc|iPhone.Build.0 = Ad-Hoc|iPhone
		{33A17D78-95A0-444A-A52F-EB5BCD45BDD2}.Ad-Hoc|iPhoneSimulator.ActiveCfg = Ad-Hoc|iPhoneSimulator
		{33A17D78-95A0-444A-A52F-EB5BCD45BDD2}.Ad-Hoc|iPhoneSimulator.Build.0 = Ad-Hoc|iPhoneSimulator
		{33A17D78-95A0-444A-A52F-EB5BCD45BDD2}.Ad-Hoc|x64.ActiveCfg = Ad-Hoc|iPhone
		{33A17D78-95A0-444A-A52F-EB5BCD45BDD2}.Ad-Hoc|x86.ActiveCfg = Ad-Hoc|iPhone
		{33A17D78-95A0-444A-A52F-EB5BCD45BDD2}.AppStore|Any CPU.ActiveCfg = AppStore|iPhone
		{33A17D78-95A0-444A-A52F-EB5BCD45BDD2}.AppStore|ARM.ActiveCfg = AppStore|iPhone
		{33A17D78-95A0-444A-A52F-EB5BCD45BDD2}.AppStore|iPhone.ActiveCfg = AppStore|iPhone
		{33A17D78-95A0-444A-A52F-EB5BCD45BDD2}.AppStore|iPhone.Build.0 = AppStore|iPhone
		{33A17D78-95A0-444A-A52F-EB5BCD45BDD2}.AppStore|iPhoneSimulator.ActiveCfg = AppStore|iPhoneSimulator
		{33A17D78-95A0-444A-A52F-EB5BCD45BDD2}.AppStore|iPhoneSimulator.Build.0 = AppStore|iPhoneSimulator
		{33A17D78-95A0-444A-A52F-EB5BCD45BDD2}.AppStore|x64.ActiveCfg = AppStore|iPhone
		{33A17D78-95A0-444A-A52F-EB5BCD45BDD2}.AppStore|x86.ActiveCfg = AppStore|iPhone
		{33A17D78-95A0-444A-A52F-EB5BCD45BDD2}.Debug|Any CPU.ActiveCfg = Debug|iPhone
		{33A17D78-95A0-444A-A52F-EB5BCD45BDD2}.Debug|ARM.ActiveCfg = Debug|iPhone
		{33A17D78-95A0-444A-A52F-EB5BCD45BDD2}.Debug|iPhone.ActiveCfg = Debug|iPhone
		{33A17D78-95A0-444A-A52F-EB5BCD45BDD2}.Debug|iPhone.Build.0 = Debug|iPhone
		{33A17D78-95A0-444A-A52F-EB5BCD45BDD2}.Debug|iPhoneSimulator.ActiveCfg = Debug|iPhoneSimulator
		{33A17D78-95A0-444A-A52F-EB5BCD45BDD2}.Debug|iPhoneSimulator.Build.0 = Debug|iPhoneSimulator
		{33A17D78-95A0-444A-A52F-EB5BCD45BDD2}.Debug|x64.ActiveCfg = Debug|iPhone
		{33A17D78-95A0-444A-A52F-EB5BCD45BDD2}.Debug|x86.ActiveCfg = Debug|iPhone
		{33A17D78-95A0-444A-A52F-EB5BCD45BDD2}.Release|Any CPU.ActiveCfg = Release|iPhone
		{33A17D78-95A0-444A-A52F-EB5BCD45BDD2}.Release|ARM.ActiveCfg = Release|iPhone
		{33A17D78-95A0-444A-A52F-EB5BCD45BDD2}.Release|iPhone.ActiveCfg = Release|iPhone
		{33A17D78-95A0-444A-A52F-EB5BCD45BDD2}.Release|iPhone.Build.0 = Release|iPhone
		{33A17D78-95A0-444A-A52F-EB5BCD45BDD2}.Release|iPhoneSimulator.ActiveCfg = Release|iPhoneSimulator
		{33A17D78-95A0-444A-A52F-EB5BCD45BDD2}.Release|iPhoneSimulator.Build.0 = Release|iPhoneSimulator
		{33A17D78-95A0-444A-A52F-EB5BCD45BDD2}.Release|x64.ActiveCfg = Release|iPhone
		{33A17D78-95A0-444A-A52F-EB5BCD45BDD2}.Release|x86.ActiveCfg = Release|iPhone
		{0D0E0F1B-C25C-4E27-AC0C-1D44561B7914}.Ad-Hoc|Any CPU.ActiveCfg = Release|Any CPU
		{0D0E0F1B-C25C-4E27-AC0C-1D44561B7914}.Ad-Hoc|Any CPU.Build.0 = Release|Any CPU
		{0D0E0F1B-C25C-4E27-AC0C-1D44561B7914}.Ad-Hoc|ARM.ActiveCfg = Release|Any CPU
		{0D0E0F1B-C25C-4E27-AC0C-1D44561B7914}.Ad-Hoc|ARM.Build.0 = Release|Any CPU
		{0D0E0F1B-C25C-4E27-AC0C-1D44561B7914}.Ad-Hoc|iPhone.ActiveCfg = Release|Any CPU
		{0D0E0F1B-C25C-4E27-AC0C-1D44561B7914}.Ad-Hoc|iPhone.Build.0 = Release|Any CPU
		{0D0E0F1B-C25C-4E27-AC0C-1D44561B7914}.Ad-Hoc|iPhoneSimulator.ActiveCfg = Release|Any CPU
		{0D0E0F1B-C25C-4E27-AC0C-1D44561B7914}.Ad-Hoc|iPhoneSimulator.Build.0 = Release|Any CPU
		{0D0E0F1B-C25C-4E27-AC0C-1D44561B7914}.Ad-Hoc|x64.ActiveCfg = Release|Any CPU
		{0D0E0F1B-C25C-4E27-AC0C-1D44561B7914}.Ad-Hoc|x64.Build.0 = Release|Any CPU
		{0D0E0F1B-C25C-4E27-AC0C-1D44561B7914}.Ad-Hoc|x86.ActiveCfg = Release|Any CPU
		{0D0E0F1B-C25C-4E27-AC0C-1D44561B7914}.Ad-Hoc|x86.Build.0 = Release|Any CPU
		{0D0E0F1B-C25C-4E27-AC0C-1D44561B7914}.AppStore|Any CPU.ActiveCfg = Release|Any CPU
		{0D0E0F1B-C25C-4E27-AC0C-1D44561B7914}.AppStore|Any CPU.Build.0 = Release|Any CPU
		{0D0E0F1B-C25C-4E27-AC0C-1D44561B7914}.AppStore|ARM.ActiveCfg = Release|Any CPU
		{0D0E0F1B-C25C-4E27-AC0C-1D44561B7914}.AppStore|ARM.Build.0 = Release|Any CPU
		{0D0E0F1B-C25C-4E27-AC0C-1D44561B7914}.AppStore|iPhone.ActiveCfg = Release|Any CPU
		{0D0E0F1B-C25C-4E27-AC0C-1D44561B7914}.AppStore|iPhone.Build.0 = Release|Any CPU
		{0D0E0F1B-C25C-4E27-AC0C-1D44561B7914}.AppStore|iPhoneSimulator.ActiveCfg = Release|Any CPU
		{0D0E0F1B-C25C-4E27-AC0C-1D44561B7914}.AppStore|iPhoneSimulator.Build.0 = Release|Any CPU
		{0D0E0F1B-C25C-4E27-AC0C-1D44561B7914}.AppStore|x64.ActiveCfg = Release|Any CPU
		{0D0E0F1B-C25C-4E27-AC0C-1D44561B7914}.AppStore|x64.Build.0 = Release|Any CPU
		{0D0E0F1B-C25C-4E27-AC0C-1D44561B7914}.AppStore|x86.ActiveCfg = Release|Any CPU
		{0D0E0F1B-C25C-4E27-AC0C-1D44561B7914}.AppStore|x86.Build.0 = Release|Any CPU
		{0D0E0F1B-C25C-4E27-AC0C-1D44561B7914}.Debug|Any CPU.ActiveCfg = Debug|Any CPU
		{0D0E0F1B-C25C-4E27-AC0C-1D44561B7914}.Debug|Any CPU.Build.0 = Debug|Any CPU
		{0D0E0F1B-C25C-4E27-AC0C-1D44561B7914}.Debug|ARM.ActiveCfg = Debug|Any CPU
		{0D0E0F1B-C25C-4E27-AC0C-1D44561B7914}.Debug|ARM.Build.0 = Debug|Any CPU
		{0D0E0F1B-C25C-4E27-AC0C-1D44561B7914}.Debug|iPhone.ActiveCfg = Debug|Any CPU
		{0D0E0F1B-C25C-4E27-AC0C-1D44561B7914}.Debug|iPhone.Build.0 = Debug|Any CPU
		{0D0E0F1B-C25C-4E27-AC0C-1D44561B7914}.Debug|iPhoneSimulator.ActiveCfg = Debug|Any CPU
		{0D0E0F1B-C25C-4E27-AC0C-1D44561B7914}.Debug|iPhoneSimulator.Build.0 = Debug|Any CPU
		{0D0E0F1B-C25C-4E27-AC0C-1D44561B7914}.Debug|x64.ActiveCfg = Debug|Any CPU
		{0D0E0F1B-C25C-4E27-AC0C-1D44561B7914}.Debug|x64.Build.0 = Debug|Any CPU
		{0D0E0F1B-C25C-4E27-AC0C-1D44561B7914}.Debug|x86.ActiveCfg = Debug|Any CPU
		{0D0E0F1B-C25C-4E27-AC0C-1D44561B7914}.Debug|x86.Build.0 = Debug|Any CPU
		{0D0E0F1B-C25C-4E27-AC0C-1D44561B7914}.Release|Any CPU.ActiveCfg = Release|Any CPU
		{0D0E0F1B-C25C-4E27-AC0C-1D44561B7914}.Release|Any CPU.Build.0 = Release|Any CPU
		{0D0E0F1B-C25C-4E27-AC0C-1D44561B7914}.Release|ARM.ActiveCfg = Release|Any CPU
		{0D0E0F1B-C25C-4E27-AC0C-1D44561B7914}.Release|ARM.Build.0 = Release|Any CPU
		{0D0E0F1B-C25C-4E27-AC0C-1D44561B7914}.Release|iPhone.ActiveCfg = Release|Any CPU
		{0D0E0F1B-C25C-4E27-AC0C-1D44561B7914}.Release|iPhone.Build.0 = Release|Any CPU
		{0D0E0F1B-C25C-4E27-AC0C-1D44561B7914}.Release|iPhoneSimulator.ActiveCfg = Release|Any CPU
		{0D0E0F1B-C25C-4E27-AC0C-1D44561B7914}.Release|iPhoneSimulator.Build.0 = Release|Any CPU
		{0D0E0F1B-C25C-4E27-AC0C-1D44561B7914}.Release|x64.ActiveCfg = Release|Any CPU
		{0D0E0F1B-C25C-4E27-AC0C-1D44561B7914}.Release|x64.Build.0 = Release|Any CPU
		{0D0E0F1B-C25C-4E27-AC0C-1D44561B7914}.Release|x86.ActiveCfg = Release|Any CPU
		{0D0E0F1B-C25C-4E27-AC0C-1D44561B7914}.Release|x86.Build.0 = Release|Any CPU
	EndGlobalSection
	GlobalSection(SolutionProperties) = preSolution
		HideSolutionNode = FALSE
	EndGlobalSection
	GlobalSection(NestedProjects) = preSolution
		{CDAB8D67-32D3-4AC5-9D83-566ECE67C853} = {7DDA7F97-6E0E-42D4-905C-FD0602309E9E}
		{70EF9BF6-2BC7-451B-8EA1-7D30A46F9D68} = {7DDA7F97-6E0E-42D4-905C-FD0602309E9E}
		{7DF82D6D-A963-478C-B77B-8A95CCDF98BE} = {7DDA7F97-6E0E-42D4-905C-FD0602309E9E}
		{33A17D78-95A0-444A-A52F-EB5BCD45BDD2} = {7DDA7F97-6E0E-42D4-905C-FD0602309E9E}
		{0D0E0F1B-C25C-4E27-AC0C-1D44561B7914} = {66BA3F04-46FD-42F9-87B8-60297530616D}
	EndGlobalSection
	GlobalSection(ExtensibilityGlobals) = postSolution
		SolutionGuid = {2143E065-7206-42E9-B892-F468DDC38B06}
	EndGlobalSection
EndGlobal
